
Microsoft Visual Studio Solution File, Format Version 12.00
# Visual Studio Version 16
VisualStudioVersion = 16.0.31515.178
MinimumVisualStudioVersion = 10.0.40219.1
Project("{FAE04EC0-301F-11D3-BF4B-00C04F79EFBC}") = "friends betting app.Android", "friends betting app.Android\friends betting app.Android.csproj", "{A66B98AE-18A8-488D-9EB8-964C02BD29DD}"
EndProject
Project("{FAE04EC0-301F-11D3-BF4B-00C04F79EFBC}") = "friends betting app.iOS", "friends betting app.iOS\friends betting app.iOS.csproj", "{4F09A4B5-D6C7-471B-9B17-98C4C6C3787A}"
EndProject
Project("{FAE04EC0-301F-11D3-BF4B-00C04F79EFBC}") = "friends betting app", "friends betting app\friends betting app.csproj", "{4B5C00F3-D0D1-4A8A-B39E-4E4DEA1B11F9}"
EndProject
Global
	GlobalSection(SolutionConfigurationPlatforms) = preSolution
		Debug|Any CPU = Debug|Any CPU
		Debug|iPhone = Debug|iPhone
		Debug|iPhoneSimulator = Debug|iPhoneSimulator
		Release|Any CPU = Release|Any CPU
		Release|iPhone = Release|iPhone
		Release|iPhoneSimulator = Release|iPhoneSimulator
	EndGlobalSection
	GlobalSection(ProjectConfigurationPlatforms) = postSolution
		{A66B98AE-18A8-488D-9EB8-964C02BD29DD}.Debug|Any CPU.ActiveCfg = Debug|Any CPU
		{A66B98AE-18A8-488D-9EB8-964C02BD29DD}.Debug|Any CPU.Build.0 = Debug|Any CPU
		{A66B98AE-18A8-488D-9EB8-964C02BD29DD}.Debug|Any CPU.Deploy.0 = Debug|Any CPU
		{A66B98AE-18A8-488D-9EB8-964C02BD29DD}.Debug|iPhone.ActiveCfg = Debug|Any CPU
		{A66B98AE-18A8-488D-9EB8-964C02BD29DD}.Debug|iPhone.Build.0 = Debug|Any CPU
		{A66B98AE-18A8-488D-9EB8-964C02BD29DD}.Debug|iPhone.Deploy.0 = Debug|Any CPU
		{A66B98AE-18A8-488D-9EB8-964C02BD29DD}.Debug|iPhoneSimulator.ActiveCfg = Debug|Any CPU
		{A66B98AE-18A8-488D-9EB8-964C02BD29DD}.Debug|iPhoneSimulator.Build.0 = Debug|Any CPU
		{A66B98AE-18A8-488D-9EB8-964C02BD29DD}.Debug|iPhoneSimulator.Deploy.0 = Debug|Any CPU
		{A66B98AE-18A8-488D-9EB8-964C02BD29DD}.Release|Any CPU.ActiveCfg = Release|Any CPU
		{A66B98AE-18A8-488D-9EB8-964C02BD29DD}.Release|Any CPU.Build.0 = Release|Any CPU
		{A66B98AE-18A8-488D-9EB8-964C02BD29DD}.Release|Any CPU.Deploy.0 = Release|Any CPU
		{A66B98AE-18A8-488D-9EB8-964C02BD29DD}.Release|iPhone.ActiveCfg = Release|Any CPU
		{A66B98AE-18A8-488D-9EB8-964C02BD29DD}.Release|iPhone.Build.0 = Release|Any CPU
		{A66B98AE-18A8-488D-9EB8-964C02BD29DD}.Release|iPhone.Deploy.0 = Release|Any CPU
		{A66B98AE-18A8-488D-9EB8-964C02BD29DD}.Release|iPhoneSimulator.ActiveCfg = Release|Any CPU
		{A66B98AE-18A8-488D-9EB8-964C02BD29DD}.Release|iPhoneSimulator.Build.0 = Release|Any CPU
		{A66B98AE-18A8-488D-9EB8-964C02BD29DD}.Release|iPhoneSimulator.Deploy.0 = Release|Any CPU
		{4F09A4B5-D6C7-471B-9B17-98C4C6C3787A}.Debug|Any CPU.ActiveCfg = Debug|iPhone
		{4F09A4B5-D6C7-471B-9B17-98C4C6C3787A}.Debug|Any CPU.Build.0 = Debug|iPhone
		{4F09A4B5-D6C7-471B-9B17-98C4C6C3787A}.Debug|Any CPU.Deploy.0 = Debug|iPhone
		{4F09A4B5-D6C7-471B-9B17-98C4C6C3787A}.Debug|iPhone.ActiveCfg = Debug|iPhone
		{4F09A4B5-D6C7-471B-9B17-98C4C6C3787A}.Debug|iPhone.Build.0 = Debug|iPhone
		{4F09A4B5-D6C7-471B-9B17-98C4C6C3787A}.Debug|iPhone.Deploy.0 = Debug|iPhone
		{4F09A4B5-D6C7-471B-9B17-98C4C6C3787A}.Debug|iPhoneSimulator.ActiveCfg = Debug|iPhoneSimulator
		{4F09A4B5-D6C7-471B-9B17-98C4C6C3787A}.Debug|iPhoneSimulator.Build.0 = Debug|iPhoneSimulator
		{4F09A4B5-D6C7-471B-9B17-98C4C6C3787A}.Debug|iPhoneSimulator.Deploy.0 = Debug|iPhoneSimulator
		{4F09A4B5-D6C7-471B-9B17-98C4C6C3787A}.Release|Any CPU.ActiveCfg = Release|iPhoneSimulator
		{4F09A4B5-D6C7-471B-9B17-98C4C6C3787A}.Release|Any CPU.Build.0 = Release|iPhoneSimulator
		{4F09A4B5-D6C7-471B-9B17-98C4C6C3787A}.Release|Any CPU.Deploy.0 = Release|iPhoneSimulator
		{4F09A4B5-D6C7-471B-9B17-98C4C6C3787A}.Release|iPhone.ActiveCfg = Release|iPhone
		{4F09A4B5-D6C7-471B-9B17-98C4C6C3787A}.Release|iPhone.Build.0 = Release|iPhone
		{4F09A4B5-D6C7-471B-9B17-98C4C6C3787A}.Release|iPhone.Deploy.0 = Release|iPhone
		{4F09A4B5-D6C7-471B-9B17-98C4C6C3787A}.Release|iPhoneSimulator.ActiveCfg = Release|iPhoneSimulator
		{4F09A4B5-D6C7-471B-9B17-98C4C6C3787A}.Release|iPhoneSimulator.Build.0 = Release|iPhoneSimulator
		{4F09A4B5-D6C7-471B-9B17-98C4C6C3787A}.Release|iPhoneSimulator.Deploy.0 = Release|iPhoneSimulator
		{4B5C00F3-D0D1-4A8A-B39E-4E4DEA1B11F9}.Debug|Any CPU.ActiveCfg = Debug|Any CPU
		{4B5C00F3-D0D1-4A8A-B39E-4E4DEA1B11F9}.Debug|Any CPU.Build.0 = Debug|Any CPU
		{4B5C00F3-D0D1-4A8A-B39E-4E4DEA1B11F9}.Debug|Any CPU.Deploy.0 = Debug|Any CPU
		{4B5C00F3-D0D1-4A8A-B39E-4E4DEA1B11F9}.Debug|iPhone.ActiveCfg = Debug|Any CPU
		{4B5C00F3-D0D1-4A8A-B39E-4E4DEA1B11F9}.Debug|iPhone.Build.0 = Debug|Any CPU
		{4B5C00F3-D0D1-4A8A-B39E-4E4DEA1B11F9}.Debug|iPhone.Deploy.0 = Debug|Any CPU
		{4B5C00F3-D0D1-4A8A-B39E-4E4DEA1B11F9}.Debug|iPhoneSimulator.ActiveCfg = Debug|Any CPU
		{4B5C00F3-D0D1-4A8A-B39E-4E4DEA1B11F9}.Debug|iPhoneSimulator.Build.0 = Debug|Any CPU
		{4B5C00F3-D0D1-4A8A-B39E-4E4DEA1B11F9}.Debug|iPhoneSimulator.Deploy.0 = Debug|Any CPU
		{4B5C00F3-D0D1-4A8A-B39E-4E4DEA1B11F9}.Release|Any CPU.ActiveCfg = Release|Any CPU
		{4B5C00F3-D0D1-4A8A-B39E-4E4DEA1B11F9}.Release|Any CPU.Build.0 = Release|Any CPU
		{4B5C00F3-D0D1-4A8A-B39E-4E4DEA1B11F9}.Release|Any CPU.Deploy.0 = Release|Any CPU
		{4B5C00F3-D0D1-4A8A-B39E-4E4DEA1B11F9}.Release|iPhone.ActiveCfg = Release|Any CPU
		{4B5C00F3-D0D1-4A8A-B39E-4E4DEA1B11F9}.Release|iPhone.Build.0 = Release|Any CPU
		{4B5C00F3-D0D1-4A8A-B39E-4E4DEA1B11F9}.Release|iPhone.Deploy.0 = Release|Any CPU
		{4B5C00F3-D0D1-4A8A-B39E-4E4DEA1B11F9}.Release|iPhoneSimulator.ActiveCfg = Release|Any CPU
		{4B5C00F3-D0D1-4A8A-B39E-4E4DEA1B11F9}.Release|iPhoneSimulator.Build.0 = Release|Any CPU
		{4B5C00F3-D0D1-4A8A-B39E-4E4DEA1B11F9}.Release|iPhoneSimulator.Deploy.0 = Release|Any CPU
	EndGlobalSection
	GlobalSection(SolutionProperties) = preSolution
		HideSolutionNode = FALSE
	EndGlobalSection
	GlobalSection(ExtensibilityGlobals) = postSolution
		SolutionGuid = {9F8AEE8A-34ED-46DB-9504-7DD1BAF2FE35}
	EndGlobalSection
EndGlobal
